
Microsoft Visual Studio Solution File, Format Version 12.00
# Visual Studio Version 17
VisualStudioVersion = 17.6.33815.320
MinimumVisualStudioVersion = 10.0.40219.1
Project("{FAE04EC0-301F-11D3-BF4B-00C04F79EFBC}") = "BasicCorePrograms", "BasicCorePrograms\BasicCorePrograms.csproj", "{C27EAC65-91FA-471F-8C1C-309E29486585}"
EndProject
Global
	GlobalSection(SolutionConfigurationPlatforms) = preSolution
		Debug|Any CPU = Debug|Any CPU
		Release|Any CPU = Release|Any CPU
	EndGlobalSection
	GlobalSection(ProjectConfigurationPlatforms) = postSolution
		{C27EAC65-91FA-471F-8C1C-309E29486585}.Debug|Any CPU.ActiveCfg = Debug|Any CPU
		{C27EAC65-91FA-471F-8C1C-309E29486585}.Debug|Any CPU.Build.0 = Debug|Any CPU
		{C27EAC65-91FA-471F-8C1C-309E29486585}.Release|Any CPU.ActiveCfg = Release|Any CPU
		{C27EAC65-91FA-471F-8C1C-309E29486585}.Release|Any CPU.Build.0 = Release|Any CPU
	EndGlobalSection
	GlobalSection(SolutionProperties) = preSolution
		HideSolutionNode = FALSE
	EndGlobalSection
	GlobalSection(ExtensibilityGlobals) = postSolution
		SolutionGuid = {23945211-08FE-4817-9DC9-757998FED0D2}
	EndGlobalSection
EndGlobal
